
Microsoft Visual Studio Solution File, Format Version 12.00
# Visual Studio Version 16
VisualStudioVersion = 16.0.31025.194
MinimumVisualStudioVersion = 10.0.40219.1
Project("{FAE04EC0-301F-11D3-BF4B-00C04F79EFBC}") = "TrafficControler", "TrafficControler\TrafficControler.csproj", "{476520C2-E1EF-498E-9A9F-CD019E7920A9}"
EndProject
Global
	GlobalSection(SolutionConfigurationPlatforms) = preSolution
		Debug|Any CPU = Debug|Any CPU
		Release|Any CPU = Release|Any CPU
	EndGlobalSection
	GlobalSection(ProjectConfigurationPlatforms) = postSolution
		{476520C2-E1EF-498E-9A9F-CD019E7920A9}.Debug|Any CPU.ActiveCfg = Debug|Any CPU
		{476520C2-E1EF-498E-9A9F-CD019E7920A9}.Debug|Any CPU.Build.0 = Debug|Any CPU
		{476520C2-E1EF-498E-9A9F-CD019E7920A9}.Release|Any CPU.ActiveCfg = Release|Any CPU
		{476520C2-E1EF-498E-9A9F-CD019E7920A9}.Release|Any CPU.Build.0 = Release|Any CPU
	EndGlobalSection
	GlobalSection(SolutionProperties) = preSolution
		HideSolutionNode = FALSE
	EndGlobalSection
	GlobalSection(ExtensibilityGlobals) = postSolution
		SolutionGuid = {A83FB2C9-B89E-4CFA-B716-266429B8CE65}
	EndGlobalSection
EndGlobal
